
Microsoft Visual Studio Solution File, Format Version 12.00
# Visual Studio 14
VisualStudioVersion = 14.0.24720.0
MinimumVisualStudioVersion = 10.0.40219.1
Project("{FAE04EC0-301F-11D3-BF4B-00C04F79EFBC}") = "GUI", "MuSERA\GUI.csproj", "{F55CBD7B-D2E9-4F7F-873E-48593CD5B397}"
EndProject
Project("{FAE04EC0-301F-11D3-BF4B-00C04F79EFBC}") = "Warehouse", "Warehouse\Warehouse.csproj", "{887679DD-BCB2-4C06-BA39-1BFEFF5ED2E7}"
EndProject
Project("{2150E333-8FDC-42A3-9474-1A3956D46DE8}") = "Libraries", "Libraries", "{498662D0-06FD-4661-BBD4-6A4211370B50}"
	ProjectSection(SolutionItems) = preProject
		Libraries\DI3.dll = Libraries\DI3.dll
		Libraries\DynamicDataDisplay.Controls.dll = Libraries\DynamicDataDisplay.Controls.dll
		Libraries\DynamicDataDisplay.Controls.xml = Libraries\DynamicDataDisplay.Controls.xml
		Libraries\DynamicDataDisplay.dll = Libraries\DynamicDataDisplay.dll
		Libraries\DynamicDataDisplay.resources.dll = Libraries\DynamicDataDisplay.resources.dll
		Libraries\GIFP.dll = Libraries\GIFP.dll
		Libraries\GIFP.pdb = Libraries\GIFP.pdb
		Libraries\IGenomics.dll = Libraries\IGenomics.dll
		Libraries\IGenomics.pdb = Libraries\IGenomics.pdb
		Libraries\IntervalTreeLib.dll = Libraries\IntervalTreeLib.dll
		Libraries\IntervalTreeLib.pdb = Libraries\IntervalTreeLib.pdb
		Libraries\PowerCollections.dll = Libraries\PowerCollections.dll
		Libraries\PowerCollections.pdb = Libraries\PowerCollections.pdb
	EndProjectSection
EndProject
Project("{FAE04EC0-301F-11D3-BF4B-00C04F79EFBC}") = "XSquaredData", "XSquaredData\XSquaredData.csproj", "{F1412702-937A-4517-A3B1-97F0841F26F0}"
EndProject
Project("{FAE04EC0-301F-11D3-BF4B-00C04F79EFBC}") = "Exporter", "Exporter\Exporter.csproj", "{38AB17DD-2C5E-4DE1-BF23-890A0B968A72}"
EndProject
Project("{FAE04EC0-301F-11D3-BF4B-00C04F79EFBC}") = "Analyzer", "Analyzer\Analyzer.csproj", "{55E1713C-CE88-4BF8-AC8D-EF9996E0C4FD}"
EndProject
Project("{6141683F-8A12-4E36-9623-2EB02B2C2303}") = "Setup", "Setup\Setup.isproj", "{F3A61B2E-8008-41FE-8F0D-3D55DA49F69F}"
	ProjectSection(ProjectDependencies) = postProject
		{F55CBD7B-D2E9-4F7F-873E-48593CD5B397} = {F55CBD7B-D2E9-4F7F-873E-48593CD5B397}
	EndProjectSection
EndProject
Project("{2150E333-8FDC-42A3-9474-1A3956D46DE8}") = "Resources", "Resources", "{A5FCD744-9CD9-4EE1-A806-86E1368F2240}"
	ProjectSection(SolutionItems) = preProject
		Resources\InstallerIcon.ico = Resources\InstallerIcon.ico
	EndProjectSection
EndProject
Global
	GlobalSection(SolutionConfigurationPlatforms) = preSolution
		CD_ROM|Any CPU = CD_ROM|Any CPU
		Debug|Any CPU = Debug|Any CPU
		DVD-5|Any CPU = DVD-5|Any CPU
		Release|Any CPU = Release|Any CPU
		SingleImage|Any CPU = SingleImage|Any CPU
	EndGlobalSection
	GlobalSection(ProjectConfigurationPlatforms) = postSolution
		{F55CBD7B-D2E9-4F7F-873E-48593CD5B397}.CD_ROM|Any CPU.ActiveCfg = Release|Any CPU
		{F55CBD7B-D2E9-4F7F-873E-48593CD5B397}.CD_ROM|Any CPU.Build.0 = Release|Any CPU
		{F55CBD7B-D2E9-4F7F-873E-48593CD5B397}.Debug|Any CPU.ActiveCfg = Debug|Any CPU
		{F55CBD7B-D2E9-4F7F-873E-48593CD5B397}.Debug|Any CPU.Build.0 = Debug|Any CPU
		{F55CBD7B-D2E9-4F7F-873E-48593CD5B397}.DVD-5|Any CPU.ActiveCfg = Debug|Any CPU
		{F55CBD7B-D2E9-4F7F-873E-48593CD5B397}.DVD-5|Any CPU.Build.0 = Debug|Any CPU
		{F55CBD7B-D2E9-4F7F-873E-48593CD5B397}.Release|Any CPU.ActiveCfg = Release|Any CPU
		{F55CBD7B-D2E9-4F7F-873E-48593CD5B397}.Release|Any CPU.Build.0 = Release|Any CPU
		{F55CBD7B-D2E9-4F7F-873E-48593CD5B397}.SingleImage|Any CPU.ActiveCfg = Release|Any CPU
		{F55CBD7B-D2E9-4F7F-873E-48593CD5B397}.SingleImage|Any CPU.Build.0 = Release|Any CPU
		{887679DD-BCB2-4C06-BA39-1BFEFF5ED2E7}.CD_ROM|Any CPU.ActiveCfg = Release|Any CPU
		{887679DD-BCB2-4C06-BA39-1BFEFF5ED2E7}.CD_ROM|Any CPU.Build.0 = Release|Any CPU
		{887679DD-BCB2-4C06-BA39-1BFEFF5ED2E7}.Debug|Any CPU.ActiveCfg = Debug|Any CPU
		{887679DD-BCB2-4C06-BA39-1BFEFF5ED2E7}.Debug|Any CPU.Build.0 = Debug|Any CPU
		{887679DD-BCB2-4C06-BA39-1BFEFF5ED2E7}.DVD-5|Any CPU.ActiveCfg = Debug|Any CPU
		{887679DD-BCB2-4C06-BA39-1BFEFF5ED2E7}.DVD-5|Any CPU.Build.0 = Debug|Any CPU
		{887679DD-BCB2-4C06-BA39-1BFEFF5ED2E7}.Release|Any CPU.ActiveCfg = Release|Any CPU
		{887679DD-BCB2-4C06-BA39-1BFEFF5ED2E7}.Release|Any CPU.Build.0 = Release|Any CPU
		{887679DD-BCB2-4C06-BA39-1BFEFF5ED2E7}.SingleImage|Any CPU.ActiveCfg = Release|Any CPU
		{887679DD-BCB2-4C06-BA39-1BFEFF5ED2E7}.SingleImage|Any CPU.Build.0 = Release|Any CPU
		{F1412702-937A-4517-A3B1-97F0841F26F0}.CD_ROM|Any CPU.ActiveCfg = Release|Any CPU
		{F1412702-937A-4517-A3B1-97F0841F26F0}.CD_ROM|Any CPU.Build.0 = Release|Any CPU
		{F1412702-937A-4517-A3B1-97F0841F26F0}.Debug|Any CPU.ActiveCfg = Debug|Any CPU
		{F1412702-937A-4517-A3B1-97F0841F26F0}.Debug|Any CPU.Build.0 = Debug|Any CPU
		{F1412702-937A-4517-A3B1-97F0841F26F0}.DVD-5|Any CPU.ActiveCfg = Debug|Any CPU
		{F1412702-937A-4517-A3B1-97F0841F26F0}.DVD-5|Any CPU.Build.0 = Debug|Any CPU
		{F1412702-937A-4517-A3B1-97F0841F26F0}.Release|Any CPU.ActiveCfg = Release|Any CPU
		{F1412702-937A-4517-A3B1-97F0841F26F0}.Release|Any CPU.Build.0 = Release|Any CPU
		{F1412702-937A-4517-A3B1-97F0841F26F0}.SingleImage|Any CPU.ActiveCfg = Release|Any CPU
		{F1412702-937A-4517-A3B1-97F0841F26F0}.SingleImage|Any CPU.Build.0 = Release|Any CPU
		{38AB17DD-2C5E-4DE1-BF23-890A0B968A72}.CD_ROM|Any CPU.ActiveCfg = Release|Any CPU
		{38AB17DD-2C5E-4DE1-BF23-890A0B968A72}.CD_ROM|Any CPU.Build.0 = Release|Any CPU
		{38AB17DD-2C5E-4DE1-BF23-890A0B968A72}.Debug|Any CPU.ActiveCfg = Debug|Any CPU
		{38AB17DD-2C5E-4DE1-BF23-890A0B968A72}.Debug|Any CPU.Build.0 = Debug|Any CPU
		{38AB17DD-2C5E-4DE1-BF23-890A0B968A72}.DVD-5|Any CPU.ActiveCfg = Debug|Any CPU
		{38AB17DD-2C5E-4DE1-BF23-890A0B968A72}.DVD-5|Any CPU.Build.0 = Debug|Any CPU
		{38AB17DD-2C5E-4DE1-BF23-890A0B968A72}.Release|Any CPU.ActiveCfg = Release|Any CPU
		{38AB17DD-2C5E-4DE1-BF23-890A0B968A72}.Release|Any CPU.Build.0 = Release|Any CPU
		{38AB17DD-2C5E-4DE1-BF23-890A0B968A72}.SingleImage|Any CPU.ActiveCfg = Release|Any CPU
		{38AB17DD-2C5E-4DE1-BF23-890A0B968A72}.SingleImage|Any CPU.Build.0 = Release|Any CPU
		{55E1713C-CE88-4BF8-AC8D-EF9996E0C4FD}.CD_ROM|Any CPU.ActiveCfg = Release|Any CPU
		{55E1713C-CE88-4BF8-AC8D-EF9996E0C4FD}.CD_ROM|Any CPU.Build.0 = Release|Any CPU
		{55E1713C-CE88-4BF8-AC8D-EF9996E0C4FD}.Debug|Any CPU.ActiveCfg = Debug|Any CPU
		{55E1713C-CE88-4BF8-AC8D-EF9996E0C4FD}.Debug|Any CPU.Build.0 = Debug|Any CPU
		{55E1713C-CE88-4BF8-AC8D-EF9996E0C4FD}.DVD-5|Any CPU.ActiveCfg = Debug|Any CPU
		{55E1713C-CE88-4BF8-AC8D-EF9996E0C4FD}.DVD-5|Any CPU.Build.0 = Debug|Any CPU
		{55E1713C-CE88-4BF8-AC8D-EF9996E0C4FD}.Release|Any CPU.ActiveCfg = Release|Any CPU
		{55E1713C-CE88-4BF8-AC8D-EF9996E0C4FD}.Release|Any CPU.Build.0 = Release|Any CPU
		{55E1713C-CE88-4BF8-AC8D-EF9996E0C4FD}.SingleImage|Any CPU.ActiveCfg = Release|Any CPU
		{55E1713C-CE88-4BF8-AC8D-EF9996E0C4FD}.SingleImage|Any CPU.Build.0 = Release|Any CPU
		{F3A61B2E-8008-41FE-8F0D-3D55DA49F69F}.CD_ROM|Any CPU.ActiveCfg = CD_ROM
		{F3A61B2E-8008-41FE-8F0D-3D55DA49F69F}.CD_ROM|Any CPU.Build.0 = CD_ROM
		{F3A61B2E-8008-41FE-8F0D-3D55DA49F69F}.Debug|Any CPU.ActiveCfg = DVD-5
		{F3A61B2E-8008-41FE-8F0D-3D55DA49F69F}.Debug|Any CPU.Build.0 = DVD-5
		{F3A61B2E-8008-41FE-8F0D-3D55DA49F69F}.DVD-5|Any CPU.ActiveCfg = DVD-5
		{F3A61B2E-8008-41FE-8F0D-3D55DA49F69F}.DVD-5|Any CPU.Build.0 = DVD-5
		{F3A61B2E-8008-41FE-8F0D-3D55DA49F69F}.Release|Any CPU.ActiveCfg = SingleImage
		{F3A61B2E-8008-41FE-8F0D-3D55DA49F69F}.SingleImage|Any CPU.ActiveCfg = SingleImage
		{F3A61B2E-8008-41FE-8F0D-3D55DA49F69F}.SingleImage|Any CPU.Build.0 = SingleImage
	EndGlobalSection
	GlobalSection(SolutionProperties) = preSolution
		HideSolutionNode = FALSE
	EndGlobalSection
EndGlobal
